// !$*UTF8*$!
{
	archiveVersion = 1;
	classes = {
	};
	objectVersion = 46;
	objects = {

/* Begin PBXBuildFile section */
		3C0EB6671BE69DBE00220B79 /* AppDelegate.swift in Sources */ = {isa = PBXBuildFile; fileRef = 3C0EB6661BE69DBE00220B79 /* AppDelegate.swift */; };
		3C0EB6691BE69DBE00220B79 /* MainViewController.swift in Sources */ = {isa = PBXBuildFile; fileRef = 3C0EB6681BE69DBE00220B79 /* MainViewController.swift */; };
		3C0EB66B1BE69DBE00220B79 /* Assets.xcassets in Resources */ = {isa = PBXBuildFile; fileRef = 3C0EB66A1BE69DBE00220B79 /* Assets.xcassets */; };
		3C0EB66E1BE69DBE00220B79 /* Main.storyboard in Resources */ = {isa = PBXBuildFile; fileRef = 3C0EB66C1BE69DBE00220B79 /* Main.storyboard */; };
		3C2B597E1C2B5CDB0042EB73 /* OBDII.swift in Sources */ = {isa = PBXBuildFile; fileRef = 3C2B59791C2B5CDB0042EB73 /* OBDII.swift */; };
		3C2B597F1C2B5CDB0042EB73 /* OBDIIPID.swift in Sources */ = {isa = PBXBuildFile; fileRef = 3C2B597A1C2B5CDB0042EB73 /* OBDIIPID.swift */; };
		3C2B59801C2B5CDB0042EB73 /* Array+Remove.swift in Sources */ = {isa = PBXBuildFile; fileRef = 3C2B597C1C2B5CDB0042EB73 /* Array+Remove.swift */; };
		3C2B59811C2B5CDB0042EB73 /* String+Split.swift in Sources */ = {isa = PBXBuildFile; fileRef = 3C2B597D1C2B5CDB0042EB73 /* String+Split.swift */; };
		3C2B59821C2B5CEF0042EB73 /* OBDII.swift in Sources */ = {isa = PBXBuildFile; fileRef = 3C2B59791C2B5CDB0042EB73 /* OBDII.swift */; };
		3C2B59831C2B5CEF0042EB73 /* OBDIIPID.swift in Sources */ = {isa = PBXBuildFile; fileRef = 3C2B597A1C2B5CDB0042EB73 /* OBDIIPID.swift */; };
		3C2B59841C2B5CEF0042EB73 /* Array+Remove.swift in Sources */ = {isa = PBXBuildFile; fileRef = 3C2B597C1C2B5CDB0042EB73 /* Array+Remove.swift */; };
		3C2B59851C2B5CEF0042EB73 /* String+Split.swift in Sources */ = {isa = PBXBuildFile; fileRef = 3C2B597D1C2B5CDB0042EB73 /* String+Split.swift */; };
		3CC4A9A01BF688E500044B42 /* OBD_IITests.swift in Sources */ = {isa = PBXBuildFile; fileRef = 3CC4A99F1BF688E500044B42 /* OBD_IITests.swift */; };
		3CC4A9AF1BF6893900044B42 /* AppDelegate.swift in Sources */ = {isa = PBXBuildFile; fileRef = 3C0EB6661BE69DBE00220B79 /* AppDelegate.swift */; };
		3CC4A9B11BF6893900044B42 /* MainViewController.swift in Sources */ = {isa = PBXBuildFile; fileRef = 3C0EB6681BE69DBE00220B79 /* MainViewController.swift */; };
/* End PBXBuildFile section */

/* Begin PBXContainerItemProxy section */
		3CC4A9A21BF688E500044B42 /* PBXContainerItemProxy */ = {
			isa = PBXContainerItemProxy;
			containerPortal = 3C0EB65B1BE69DBE00220B79 /* Project object */;
			proxyType = 1;
			remoteGlobalIDString = 3C0EB6621BE69DBE00220B79;
			remoteInfo = "OBD-II";
		};
/* End PBXContainerItemProxy section */

/* Begin PBXFileReference section */
		3C0EB6631BE69DBE00220B79 /* OBD-II.app */ = {isa = PBXFileReference; explicitFileType = wrapper.application; includeInIndex = 0; path = "OBD-II.app"; sourceTree = BUILT_PRODUCTS_DIR; };
		3C0EB6661BE69DBE00220B79 /* AppDelegate.swift */ = {isa = PBXFileReference; lastKnownFileType = sourcecode.swift; path = AppDelegate.swift; sourceTree = "<group>"; };
		3C0EB6681BE69DBE00220B79 /* MainViewController.swift */ = {isa = PBXFileReference; lastKnownFileType = sourcecode.swift; path = MainViewController.swift; sourceTree = "<group>"; };
		3C0EB66A1BE69DBE00220B79 /* Assets.xcassets */ = {isa = PBXFileReference; lastKnownFileType = folder.assetcatalog; path = Assets.xcassets; sourceTree = "<group>"; };
		3C0EB66D1BE69DBE00220B79 /* Base */ = {isa = PBXFileReference; lastKnownFileType = file.storyboard; name = Base; path = Base.lproj/Main.storyboard; sourceTree = "<group>"; };
		3C0EB66F1BE69DBE00220B79 /* Info.plist */ = {isa = PBXFileReference; lastKnownFileType = text.plist.xml; path = Info.plist; sourceTree = "<group>"; };
		3C2B59791C2B5CDB0042EB73 /* OBDII.swift */ = {isa = PBXFileReference; fileEncoding = 4; lastKnownFileType = sourcecode.swift; path = OBDII.swift; sourceTree = "<group>"; };
		3C2B597A1C2B5CDB0042EB73 /* OBDIIPID.swift */ = {isa = PBXFileReference; fileEncoding = 4; lastKnownFileType = sourcecode.swift; path = OBDIIPID.swift; sourceTree = "<group>"; };
		3C2B597C1C2B5CDB0042EB73 /* Array+Remove.swift */ = {isa = PBXFileReference; fileEncoding = 4; lastKnownFileType = sourcecode.swift; path = "Array+Remove.swift"; sourceTree = "<group>"; };
		3C2B597D1C2B5CDB0042EB73 /* String+Split.swift */ = {isa = PBXFileReference; fileEncoding = 4; lastKnownFileType = sourcecode.swift; path = "String+Split.swift"; sourceTree = "<group>"; };
		3CC4A99D1BF688E500044B42 /* OBD-IITests.xctest */ = {isa = PBXFileReference; explicitFileType = wrapper.cfbundle; includeInIndex = 0; path = "OBD-IITests.xctest"; sourceTree = BUILT_PRODUCTS_DIR; };
		3CC4A99F1BF688E500044B42 /* OBD_IITests.swift */ = {isa = PBXFileReference; lastKnownFileType = sourcecode.swift; path = OBD_IITests.swift; sourceTree = "<group>"; };
		3CC4A9A11BF688E500044B42 /* Info.plist */ = {isa = PBXFileReference; lastKnownFileType = text.plist.xml; path = Info.plist; sourceTree = "<group>"; };
/* End PBXFileReference section */

/* Begin PBXFrameworksBuildPhase section */
		3C0EB6601BE69DBE00220B79 /* Frameworks */ = {
			isa = PBXFrameworksBuildPhase;
			buildActionMask = 2147483647;
			files = (
			);
			runOnlyForDeploymentPostprocessing = 0;
		};
		3CC4A99A1BF688E500044B42 /* Frameworks */ = {
			isa = PBXFrameworksBuildPhase;
			buildActionMask = 2147483647;
			files = (
			);
			runOnlyForDeploymentPostprocessing = 0;
		};
/* End PBXFrameworksBuildPhase section */

/* Begin PBXGroup section */
		3C0EB65A1BE69DBE00220B79 = {
			isa = PBXGroup;
			children = (
				3C0EB6651BE69DBE00220B79 /* OBD-II */,
				3CC4A99E1BF688E500044B42 /* OBD-IITests */,
				3C0EB6641BE69DBE00220B79 /* Products */,
			);
			sourceTree = "<group>";
		};
		3C0EB6641BE69DBE00220B79 /* Products */ = {
			isa = PBXGroup;
			children = (
				3C0EB6631BE69DBE00220B79 /* OBD-II.app */,
				3CC4A99D1BF688E500044B42 /* OBD-IITests.xctest */,
			);
			name = Products;
			sourceTree = "<group>";
		};
		3C0EB6651BE69DBE00220B79 /* OBD-II */ = {
			isa = PBXGroup;
			children = (
				3C2B59781C2B5CDB0042EB73 /* Core */,
				3C2B597B1C2B5CDB0042EB73 /* Utility */,
				3C0EB6661BE69DBE00220B79 /* AppDelegate.swift */,
				3C0EB66A1BE69DBE00220B79 /* Assets.xcassets */,
				3C0EB66C1BE69DBE00220B79 /* Main.storyboard */,
				3C0EB66F1BE69DBE00220B79 /* Info.plist */,
				3C0EB6681BE69DBE00220B79 /* MainViewController.swift */,
			);
			path = "OBD-II";
			sourceTree = "<group>";
		};
		3C2B59781C2B5CDB0042EB73 /* Core */ = {
			isa = PBXGroup;
			children = (
				3C2B59791C2B5CDB0042EB73 /* OBDII.swift */,
				3C2B597A1C2B5CDB0042EB73 /* OBDIIPID.swift */,
			);
			path = Core;
			sourceTree = "<group>";
		};
		3C2B597B1C2B5CDB0042EB73 /* Utility */ = {
			isa = PBXGroup;
			children = (
				3C2B597C1C2B5CDB0042EB73 /* Array+Remove.swift */,
				3C2B597D1C2B5CDB0042EB73 /* String+Split.swift */,
			);
			path = Utility;
			sourceTree = "<group>";
		};
		3CC4A99E1BF688E500044B42 /* OBD-IITests */ = {
			isa = PBXGroup;
			children = (
				3CC4A99F1BF688E500044B42 /* OBD_IITests.swift */,
				3CC4A9A11BF688E500044B42 /* Info.plist */,
			);
			path = "OBD-IITests";
			sourceTree = "<group>";
		};
/* End PBXGroup section */

/* Begin PBXNativeTarget section */
		3C0EB6621BE69DBE00220B79 /* OBD-II */ = {
			isa = PBXNativeTarget;
			buildConfigurationList = 3C0EB6721BE69DBE00220B79 /* Build configuration list for PBXNativeTarget "OBD-II" */;
			buildPhases = (
				3C0EB65F1BE69DBE00220B79 /* Sources */,
				3C0EB6601BE69DBE00220B79 /* Frameworks */,
				3C0EB6611BE69DBE00220B79 /* Resources */,
			);
			buildRules = (
			);
			dependencies = (
			);
			name = "OBD-II";
			productName = "OBD-II";
			productReference = 3C0EB6631BE69DBE00220B79 /* OBD-II.app */;
			productType = "com.apple.product-type.application";
		};
		3CC4A99C1BF688E500044B42 /* OBD-IITests */ = {
			isa = PBXNativeTarget;
			buildConfigurationList = 3CC4A9A41BF688E500044B42 /* Build configuration list for PBXNativeTarget "OBD-IITests" */;
			buildPhases = (
				3CC4A9991BF688E500044B42 /* Sources */,
				3CC4A99A1BF688E500044B42 /* Frameworks */,
				3CC4A99B1BF688E500044B42 /* Resources */,
			);
			buildRules = (
			);
			dependencies = (
				3CC4A9A31BF688E500044B42 /* PBXTargetDependency */,
			);
			name = "OBD-IITests";
			productName = "OBD-IITests";
			productReference = 3CC4A99D1BF688E500044B42 /* OBD-IITests.xctest */;
			productType = "com.apple.product-type.bundle.unit-test";
		};
/* End PBXNativeTarget section */

/* Begin PBXProject section */
		3C0EB65B1BE69DBE00220B79 /* Project object */ = {
			isa = PBXProject;
			attributes = {
				LastSwiftUpdateCheck = 0710;
				LastUpgradeCheck = 0710;
				ORGANIZATIONNAME = mani1337;
				TargetAttributes = {
					3C0EB6621BE69DBE00220B79 = {
						CreatedOnToolsVersion = 7.1;
					};
					3CC4A99C1BF688E500044B42 = {
						CreatedOnToolsVersion = 7.1;
						TestTargetID = 3C0EB6621BE69DBE00220B79;
					};
				};
			};
			buildConfigurationList = 3C0EB65E1BE69DBE00220B79 /* Build configuration list for PBXProject "OBD-II" */;
			compatibilityVersion = "Xcode 3.2";
			developmentRegion = English;
			hasScannedForEncodings = 0;
			knownRegions = (
				en,
				Base,
			);
			mainGroup = 3C0EB65A1BE69DBE00220B79;
			productRefGroup = 3C0EB6641BE69DBE00220B79 /* Products */;
			projectDirPath = "";
			projectRoot = "";
			targets = (
				3C0EB6621BE69DBE00220B79 /* OBD-II */,
				3CC4A99C1BF688E500044B42 /* OBD-IITests */,
			);
		};
/* End PBXProject section */

/* Begin PBXResourcesBuildPhase section */
		3C0EB6611BE69DBE00220B79 /* Resources */ = {
			isa = PBXResourcesBuildPhase;
			buildActionMask = 2147483647;
			files = (
				3C0EB66B1BE69DBE00220B79 /* Assets.xcassets in Resources */,
				3C0EB66E1BE69DBE00220B79 /* Main.storyboard in Resources */,
			);
			runOnlyForDeploymentPostprocessing = 0;
		};
		3CC4A99B1BF688E500044B42 /* Resources */ = {
			isa = PBXResourcesBuildPhase;
			buildActionMask = 2147483647;
			files = (
			);
			runOnlyForDeploymentPostprocessing = 0;
		};
/* End PBXResourcesBuildPhase section */

/* Begin PBXSourcesBuildPhase section */
		3C0EB65F1BE69DBE00220B79 /* Sources */ = {
			isa = PBXSourcesBuildPhase;
			buildActionMask = 2147483647;
			files = (
				3C0EB6691BE69DBE00220B79 /* MainViewController.swift in Sources */,
				3C2B59811C2B5CDB0042EB73 /* String+Split.swift in Sources */,
				3C2B59801C2B5CDB0042EB73 /* Array+Remove.swift in Sources */,
				3C2B597F1C2B5CDB0042EB73 /* OBDIIPID.swift in Sources */,
				3C2B597E1C2B5CDB0042EB73 /* OBDII.swift in Sources */,
				3C0EB6671BE69DBE00220B79 /* AppDelegate.swift in Sources */,
			);
			runOnlyForDeploymentPostprocessing = 0;
		};
		3CC4A9991BF688E500044B42 /* Sources */ = {
			isa = PBXSourcesBuildPhase;
			buildActionMask = 2147483647;
			files = (
				3CC4A9AF1BF6893900044B42 /* AppDelegate.swift in Sources */,
				3C2B59841C2B5CEF0042EB73 /* Array+Remove.swift in Sources */,
				3C2B59821C2B5CEF0042EB73 /* OBDII.swift in Sources */,
				3CC4A9A01BF688E500044B42 /* OBD_IITests.swift in Sources */,
				3CC4A9B11BF6893900044B42 /* MainViewController.swift in Sources */,
				3C2B59851C2B5CEF0042EB73 /* String+Split.swift in Sources */,
				3C2B59831C2B5CEF0042EB73 /* OBDIIPID.swift in Sources */,
			);
			runOnlyForDeploymentPostprocessing = 0;
		};
/* End PBXSourcesBuildPhase section */

/* Begin PBXTargetDependency section */
		3CC4A9A31BF688E500044B42 /* PBXTargetDependency */ = {
			isa = PBXTargetDependency;
			target = 3C0EB6621BE69DBE00220B79 /* OBD-II */;
			targetProxy = 3CC4A9A21BF688E500044B42 /* PBXContainerItemProxy */;
		};
/* End PBXTargetDependency section */

/* Begin PBXVariantGroup section */
		3C0EB66C1BE69DBE00220B79 /* Main.storyboard */ = {
			isa = PBXVariantGroup;
			children = (
				3C0EB66D1BE69DBE00220B79 /* Base */,
			);
			name = Main.storyboard;
			sourceTree = "<group>";
		};
/* End PBXVariantGroup section */

/* Begin XCBuildConfiguration section */
		3C0EB6701BE69DBE00220B79 /* Debug */ = {
			isa = XCBuildConfiguration;
			buildSettings = {
				ALWAYS_SEARCH_USER_PATHS = NO;
				CLANG_CXX_LANGUAGE_STANDARD = "gnu++0x";
				CLANG_CXX_LIBRARY = "libc++";
				CLANG_ENABLE_MODULES = YES;
				CLANG_ENABLE_OBJC_ARC = YES;
				CLANG_WARN_BOOL_CONVERSION = YES;
				CLANG_WARN_CONSTANT_CONVERSION = YES;
				CLANG_WARN_DIRECT_OBJC_ISA_USAGE = YES_ERROR;
				CLANG_WARN_EMPTY_BODY = YES;
				CLANG_WARN_ENUM_CONVERSION = YES;
				CLANG_WARN_INT_CONVERSION = YES;
				CLANG_WARN_OBJC_ROOT_CLASS = YES_ERROR;
				CLANG_WARN_UNREACHABLE_CODE = YES;
				CLANG_WARN__DUPLICATE_METHOD_MATCH = YES;
				CODE_SIGN_IDENTITY = "-";
				COPY_PHASE_STRIP = NO;
				DEBUG_INFORMATION_FORMAT = dwarf;
				ENABLE_STRICT_OBJC_MSGSEND = YES;
				ENABLE_TESTABILITY = YES;
				GCC_C_LANGUAGE_STANDARD = gnu99;
				GCC_DYNAMIC_NO_PIC = NO;
				GCC_NO_COMMON_BLOCKS = YES;
				GCC_OPTIMIZATION_LEVEL = 0;
				GCC_PREPROCESSOR_DEFINITIONS = (
					"DEBUG=1",
					"$(inherited)",
				);
				GCC_WARN_64_TO_32_BIT_CONVERSION = YES;
				GCC_WARN_ABOUT_RETURN_TYPE = YES_ERROR;
				GCC_WARN_UNDECLARED_SELECTOR = YES;
				GCC_WARN_UNINITIALIZED_AUTOS = YES_AGGRESSIVE;
				GCC_WARN_UNUSED_FUNCTION = YES;
				GCC_WARN_UNUSED_VARIABLE = YES;
				MACOSX_DEPLOYMENT_TARGET = 10.11;
				MTL_ENABLE_DEBUG_INFO = YES;
				ONLY_ACTIVE_ARCH = YES;
				SDKROOT = macosx;
				SWIFT_OPTIMIZATION_LEVEL = "-Onone";
			};
			name = Debug;
		};
		3C0EB6711BE69DBE00220B79 /* Release */ = {
			isa = XCBuildConfiguration;
			buildSettings = {
				ALWAYS_SEARCH_USER_PATHS = NO;
				CLANG_CXX_LANGUAGE_STANDARD = "gnu++0x";
				CLANG_CXX_LIBRARY = "libc++";
				CLANG_ENABLE_MODULES = YES;
				CLANG_ENABLE_OBJC_ARC = YES;
				CLANG_WARN_BOOL_CONVERSION = YES;
				CLANG_WARN_CONSTANT_CONVERSION = YES;
				CLANG_WARN_DIRECT_OBJC_ISA_USAGE = YES_ERROR;
				CLANG_WARN_EMPTY_BODY = YES;
				CLANG_WARN_ENUM_CONVERSION = YES;
				CLANG_WARN_INT_CONVERSION = YES;
				CLANG_WARN_OBJC_ROOT_CLASS = YES_ERROR;
				CLANG_WARN_UNREACHABLE_CODE = YES;
				CLANG_WARN__DUPLICATE_METHOD_MATCH = YES;
				CODE_SIGN_IDENTITY = "-";
				COPY_PHASE_STRIP = NO;
				DEBUG_INFORMATION_FORMAT = "dwarf-with-dsym";
				ENABLE_NS_ASSERTIONS = NO;
				ENABLE_STRICT_OBJC_MSGSEND = YES;
				GCC_C_LANGUAGE_STANDARD = gnu99;
				GCC_NO_COMMON_BLOCKS = YES;
				GCC_WARN_64_TO_32_BIT_CONVERSION = YES;
				GCC_WARN_ABOUT_RETURN_TYPE = YES_ERROR;
				GCC_WARN_UNDECLARED_SELECTOR = YES;
				GCC_WARN_UNINITIALIZED_AUTOS = YES_AGGRESSIVE;
				GCC_WARN_UNUSED_FUNCTION = YES;
				GCC_WARN_UNUSED_VARIABLE = YES;
				MACOSX_DEPLOYMENT_TARGET = 10.11;
				MTL_ENABLE_DEBUG_INFO = NO;
				SDKROOT = macosx;
			};
			name = Release;
		};
		3C0EB6731BE69DBE00220B79 /* Debug */ = {
			isa = XCBuildConfiguration;
			buildSettings = {
				ASSETCATALOG_COMPILER_APPICON_NAME = AppIcon;
				COMBINE_HIDPI_IMAGES = YES;
				INFOPLIST_FILE = "OBD-II/Info.plist";
				LD_RUNPATH_SEARCH_PATHS = "$(inherited) @executable_path/../Frameworks";
				PRODUCT_BUNDLE_IDENTIFIER = "at.mani1337.OBD-II";
				PRODUCT_NAME = "$(TARGET_NAME)";
			};
			name = Debug;
		};
		3C0EB6741BE69DBE00220B79 /* Release */ = {
			isa = XCBuildConfiguration;
			buildSettings = {
				ASSETCATALOG_COMPILER_APPICON_NAME = AppIcon;
				COMBINE_HIDPI_IMAGES = YES;
				INFOPLIST_FILE = "OBD-II/Info.plist";
				LD_RUNPATH_SEARCH_PATHS = "$(inherited) @executable_path/../Frameworks";
				PRODUCT_BUNDLE_IDENTIFIER = "at.mani1337.OBD-II";
				PRODUCT_NAME = "$(TARGET_NAME)";
			};
			name = Release;
		};
		3CC4A9A51BF688E500044B42 /* Debug */ = {
			isa = XCBuildConfiguration;
			buildSettings = {
				BUNDLE_LOADER = "$(TEST_HOST)";
				COMBINE_HIDPI_IMAGES = YES;
				INFOPLIST_FILE = "OBD-IITests/Info.plist";
				LD_RUNPATH_SEARCH_PATHS = "$(inherited) @executable_path/../Frameworks @loader_path/../Frameworks";
				PRODUCT_BUNDLE_IDENTIFIER = "at.mani1337.OBD-IITests";
				PRODUCT_NAME = "$(TARGET_NAME)";
				TEST_HOST = "$(BUILT_PRODUCTS_DIR)/OBD-II.app/Contents/MacOS/OBD-II";
			};
			name = Debug;
		};
		3CC4A9A61BF688E500044B42 /* Release */ = {
			isa = XCBuildConfiguration;
			buildSettings = {
				BUNDLE_LOADER = "$(TEST_HOST)";
				COMBINE_HIDPI_IMAGES = YES;
				INFOPLIST_FILE = "OBD-IITests/Info.plist";
				LD_RUNPATH_SEARCH_PATHS = "$(inherited) @executable_path/../Frameworks @loader_path/../Frameworks";
				PRODUCT_BUNDLE_IDENTIFIER = "at.mani1337.OBD-IITests";
				PRODUCT_NAME = "$(TARGET_NAME)";
				TEST_HOST = "$(BUILT_PRODUCTS_DIR)/OBD-II.app/Contents/MacOS/OBD-II";
			};
			name = Release;
		};
/* End XCBuildConfiguration section */

/* Begin XCConfigurationList section */
		3C0EB65E1BE69DBE00220B79 /* Build configuration list for PBXProject "OBD-II" */ = {
			isa = XCConfigurationList;
			buildConfigurations = (
				3C0EB6701BE69DBE00220B79 /* Debug */,
				3C0EB6711BE69DBE00220B79 /* Release */,
			);
			defaultConfigurationIsVisible = 0;
			defaultConfigurationName = Release;
		};
		3C0EB6721BE69DBE00220B79 /* Build configuration list for PBXNativeTarget "OBD-II" */ = {
			isa = XCConfigurationList;
			buildConfigurations = (
				3C0EB6731BE69DBE00220B79 /* Debug */,
				3C0EB6741BE69DBE00220B79 /* Release */,
			);
			defaultConfigurationIsVisible = 0;
			defaultConfigurationName = Release;
		};
		3CC4A9A41BF688E500044B42 /* Build configuration list for PBXNativeTarget "OBD-IITests" */ = {
			isa = XCConfigurationList;
			buildConfigurations = (
				3CC4A9A51BF688E500044B42 /* Debug */,
				3CC4A9A61BF688E500044B42 /* Release */,
			);
			defaultConfigurationIsVisible = 0;
			defaultConfigurationName = Release;
		};
/* End XCConfigurationList section */
	};
	rootObject = 3C0EB65B1BE69DBE00220B79 /* Project object */;
}
